{
  "name": "diagram-as-code",
  "version": "1.0.0",
  "lockfileVersion": 1,
  "requires": true,
  "dependencies": {
    "@types/estree": {
      "version": "0.0.39",
      "resolved": "https://repo.carvana.com/repository/carvana-npm-all/@types/estree/-/estree-0.0.39.tgz",
      "integrity": "sha512-EYNwp3bU+98cpU4lAWYYL7Zz+2gryWH1qbdDTidVd6hkiR6weksdbMadyXKXNPEkQFhXM+hVO9ZygomHXp+AIw==",
      "dev": true
    },
    "@types/node": {
      "version": "11.11.4",
      "resolved": "https://repo.carvana.com/repository/carvana-npm-all/@types/node/-/node-11.11.4.tgz",
      "integrity": "sha512-02tIL+QIi/RW4E5xILdoAMjeJ9kYq5t5S2vciUdFPXv/ikFTb0zK8q9vXkg4+WAJuYXGiVT1H28AkD2C+IkXVw==",
      "dev": true
    },
    "acorn": {
      "version": "6.1.1",
      "resolved": "https://repo.carvana.com/repository/carvana-npm-all/acorn/-/acorn-6.1.1.tgz",
      "integrity": "sha512-jPTiwtOxaHNaAPg/dmrJ/beuzLRnXtB0kQPQ8JpotKJgTB6rX6c8mlf315941pyjBSaPg8NHXS9fhP4u17DpGA==",
      "dev": true
    },
    "rollup": {
      "version": "1.6.0",
      "resolved": "https://repo.carvana.com/repository/carvana-npm-all/rollup/-/rollup-1.6.0.tgz",
      "integrity": "sha512-qu9iWyuiOxAuBM8cAwLuqPclYdarIpayrkfQB7aTGTiyYPbvx+qVF33sIznfq4bxZCiytQux/FvZieUBAXivCw==",
      "dev": true,
      "requires": {
        "@types/estree": "0.0.39",
        "@types/node": "^11.9.5",
        "acorn": "^6.1.1"
      }
    }
  }
}
